version: 2.0
shards:
  ameba:
    git: https://github.com/crystal-ameba/ameba.git
    version: 1.4.3

  backtracer:
    git: https://github.com/sija/backtracer.cr.git
    version: 1.2.2

  exception_page:
    git: https://github.com/crystal-loot/exception_page.git
    version: 0.3.0

  kemal:
    git: https://github.com/kemalcr/kemal.git
    version: 1.4.0

  minitest:
    git: https://github.com/ysbaddaden/minitest.cr.git
    version: 1.1.0+git.commit.f0df0cb45232e80d1b12cc5de42b15efa388abcf

  radix:
    git: https://github.com/luislavena/radix.git
    version: 0.4.1

  webview:
    git: https://github.com/naqvis/webview.git
    version: 0.2.3

